{
  "name": "opcut-c-experiment",
  "lockfileVersion": 3,
  "requires": true,
  "packages": {
    "": {
      "dependencies": {
        "ffi-rs": "^1.0.94",
        "ref-napi": "^3.0.3",
        "ref-struct-napi": "^1.1.1"
      }
    },
    "node_modules/@yuuang/ffi-rs-darwin-arm64": {
      "version": "1.0.94",
      "resolved": "https://registry.npmjs.org/@yuuang/ffi-rs-darwin-arm64/-/ffi-rs-darwin-arm64-1.0.94.tgz",
      "integrity": "sha512-gsVp+ph0WwdgV/z4aOn/YvGlKtfUEL0dqryuqJE/Z5/9xv8rQeLk9TWAqAOUDcSO1OK1n07ol12TONRE1oYgeQ==",
      "cpu": [
        "arm64"
      ],
      "optional": true,
      "os": [
        "darwin"
      ],
      "engines": {
        "node": ">= 12"
      }
    },
    "node_modules/@yuuang/ffi-rs-darwin-x64": {
      "version": "1.0.94",
      "resolved": "https://registry.npmjs.org/@yuuang/ffi-rs-darwin-x64/-/ffi-rs-darwin-x64-1.0.94.tgz",
      "integrity": "sha512-x+RQwv9ejI8sEKJoY84WuVIhhTnjjgmblOMYOF/kAcX2Bgt/qH/muSON/tXNMYMzxzZMEfHnN58Pc7OAN/Zsnw==",
      "cpu": [
        "x64"
      ],
      "optional": true,
      "os": [
        "darwin"
      ],
      "engines": {
        "node": ">= 12"
      }
    },
    "node_modules/@yuuang/ffi-rs-linux-arm-gnueabihf": {
      "version": "1.0.94",
      "resolved": "https://registry.npmjs.org/@yuuang/ffi-rs-linux-arm-gnueabihf/-/ffi-rs-linux-arm-gnueabihf-1.0.94.tgz",
      "integrity": "sha512-91vbRW9E8YJb3rfFxtwsOBQkS2m7xOCOGjVK5p2MyUJX464BYFAYcis33hPLBrXu/HAIIoBVrx8RDlwv31Q6tQ==",
      "cpu": [
        "arm"
      ],
      "optional": true,
      "os": [
        "linux"
      ],
      "engines": {
        "node": ">= 12"
      }
    },
    "node_modules/@yuuang/ffi-rs-linux-arm64-gnu": {
      "version": "1.0.94",
      "resolved": "https://registry.npmjs.org/@yuuang/ffi-rs-linux-arm64-gnu/-/ffi-rs-linux-arm64-gnu-1.0.94.tgz",
      "integrity": "sha512-9h0e6UdP451paB06Zk8dhV2QuBFht3FqMuWcFYypSc4zaCj5w6gXOyJg5qxX9g/bb4/y8mxLjI3cLgBJPBmS/g==",
      "cpu": [
        "arm64"
      ],
      "optional": true,
      "os": [
        "linux"
      ],
      "engines": {
        "node": ">= 12"
      }
    },
    "node_modules/@yuuang/ffi-rs-linux-arm64-musl": {
      "version": "1.0.94",
      "resolved": "https://registry.npmjs.org/@yuuang/ffi-rs-linux-arm64-musl/-/ffi-rs-linux-arm64-musl-1.0.94.tgz",
      "integrity": "sha512-mmzm0EtOLMxBTINBn9vxwtUUcSB//u/RrNp8U1pu1CNYHYQAgYGBXkwY0x5XGszbs5LLgpQaGJK6HxnTYxLPRA==",
      "cpu": [
        "arm64"
      ],
      "optional": true,
      "os": [
        "linux"
      ],
      "engines": {
        "node": ">= 12"
      }
    },
    "node_modules/@yuuang/ffi-rs-linux-x64-gnu": {
      "version": "1.0.94",
      "resolved": "https://registry.npmjs.org/@yuuang/ffi-rs-linux-x64-gnu/-/ffi-rs-linux-x64-gnu-1.0.94.tgz",
      "integrity": "sha512-U8zRG/H2pcgsh4MLflofYq5vLVMahBhs6dKW+A6KmDJJTGNNQH1wETwFNbUZu34Jo693/+zpxq/5L3EjzBnmDw==",
      "cpu": [
        "x64"
      ],
      "optional": true,
      "os": [
        "linux"
      ],
      "engines": {
        "node": ">= 12"
      }
    },
    "node_modules/@yuuang/ffi-rs-linux-x64-musl": {
      "version": "1.0.94",
      "resolved": "https://registry.npmjs.org/@yuuang/ffi-rs-linux-x64-musl/-/ffi-rs-linux-x64-musl-1.0.94.tgz",
      "integrity": "sha512-3Uql8/ZC+9qc5RwOirqK3beKqxGSIU5qzHCGIS1yrOIDuEDmfeYW+qHXLz0EP8vR8/Nx2bm0kwpVDthN8YoE/Q==",
      "cpu": [
        "x64"
      ],
      "optional": true,
      "os": [
        "linux"
      ],
      "engines": {
        "node": ">= 12"
      }
    },
    "node_modules/@yuuang/ffi-rs-win32-arm64-msvc": {
      "version": "1.0.94",
      "resolved": "https://registry.npmjs.org/@yuuang/ffi-rs-win32-arm64-msvc/-/ffi-rs-win32-arm64-msvc-1.0.94.tgz",
      "integrity": "sha512-xPiACwCWOhmH3OyTEGQr453atXePcGv35bdC9fB66+SsbUe96GklyMDk7jhnsFujm7CToDWYZM8rDOjKlITubQ==",
      "cpu": [
        "arm64"
      ],
      "optional": true,
      "os": [
        "win32"
      ],
      "engines": {
        "node": ">= 12"
      }
    },
    "node_modules/@yuuang/ffi-rs-win32-ia32-msvc": {
      "version": "1.0.94",
      "resolved": "https://registry.npmjs.org/@yuuang/ffi-rs-win32-ia32-msvc/-/ffi-rs-win32-ia32-msvc-1.0.94.tgz",
      "integrity": "sha512-SS3KIk+ESIbA+mkeTrURF+N0ROI0ZiN50jhSZswogSDIGdbGLypSteqwjEWgXgYLObLM+LIHCpaJftxaqSrXHg==",
      "cpu": [
        "x64",
        "ia32"
      ],
      "optional": true,
      "os": [
        "win32"
      ],
      "engines": {
        "node": ">= 12"
      }
    },
    "node_modules/@yuuang/ffi-rs-win32-x64-msvc": {
      "version": "1.0.94",
      "resolved": "https://registry.npmjs.org/@yuuang/ffi-rs-win32-x64-msvc/-/ffi-rs-win32-x64-msvc-1.0.94.tgz",
      "integrity": "sha512-1hLSlH5jKfzE7V2O8sqilIweDqoRfBJjxOBXje854IJfMWaBWTr6mGTmBV3dx/GkXPj7ygyGl0V7LQGI1K2vAQ==",
      "cpu": [
        "x64"
      ],
      "optional": true,
      "os": [
        "win32"
      ],
      "engines": {
        "node": ">= 12"
      }
    },
    "node_modules/debug": {
      "version": "4.3.7",
      "resolved": "https://registry.npmjs.org/debug/-/debug-4.3.7.tgz",
      "integrity": "sha512-Er2nc/H7RrMXZBFCEim6TCmMk02Z8vLC2Rbi1KEBggpo0fS6l0S1nnapwmIi3yW/+GOJap1Krg4w0Hg80oCqgQ==",
      "dependencies": {
        "ms": "^2.1.3"
      },
      "engines": {
        "node": ">=6.0"
      },
      "peerDependenciesMeta": {
        "supports-color": {
          "optional": true
        }
      }
    },
    "node_modules/ffi-rs": {
      "version": "1.0.94",
      "resolved": "https://registry.npmjs.org/ffi-rs/-/ffi-rs-1.0.94.tgz",
      "integrity": "sha512-rim42/Zd7SnFaPIL3bNHtqOUpS8ltRs5vSpr3GJrNLWeUCq+9YdrALA0wyZzHTxOsm5Z1YHVYkgu3gMyNDIf1w==",
      "optionalDependencies": {
        "@yuuang/ffi-rs-darwin-arm64": "1.0.94",
        "@yuuang/ffi-rs-darwin-x64": "1.0.94",
        "@yuuang/ffi-rs-linux-arm-gnueabihf": "1.0.94",
        "@yuuang/ffi-rs-linux-arm64-gnu": "1.0.94",
        "@yuuang/ffi-rs-linux-arm64-musl": "1.0.94",
        "@yuuang/ffi-rs-linux-x64-gnu": "1.0.94",
        "@yuuang/ffi-rs-linux-x64-musl": "1.0.94",
        "@yuuang/ffi-rs-win32-arm64-msvc": "1.0.94",
        "@yuuang/ffi-rs-win32-ia32-msvc": "1.0.94",
        "@yuuang/ffi-rs-win32-x64-msvc": "1.0.94"
      }
    },
    "node_modules/get-symbol-from-current-process-h": {
      "version": "1.0.2",
      "resolved": "https://registry.npmjs.org/get-symbol-from-current-process-h/-/get-symbol-from-current-process-h-1.0.2.tgz",
      "integrity": "sha512-syloC6fsCt62ELLrr1VKBM1ggOpMdetX9hTrdW77UQdcApPHLmf7CI7OKcN1c9kYuNxKcDe4iJ4FY9sX3aw2xw=="
    },
    "node_modules/ms": {
      "version": "2.1.3",
      "resolved": "https://registry.npmjs.org/ms/-/ms-2.1.3.tgz",
      "integrity": "sha512-6FlzubTLZG3J2a/NVCAleEhjzq5oxgHyaCU9yYXvcLsvoVaHJq/s5xXI6/XXP6tz7R9xAOtHnSO/tXtF3WRTlA=="
    },
    "node_modules/node-addon-api": {
      "version": "3.2.1",
      "resolved": "https://registry.npmjs.org/node-addon-api/-/node-addon-api-3.2.1.tgz",
      "integrity": "sha512-mmcei9JghVNDYydghQmeDX8KoAm0FAiYyIcUt/N4nhyAipB17pllZQDOJD2fotxABnt4Mdz+dKTO7eftLg4d0A=="
    },
    "node_modules/node-gyp-build": {
      "version": "4.8.2",
      "resolved": "https://registry.npmjs.org/node-gyp-build/-/node-gyp-build-4.8.2.tgz",
      "integrity": "sha512-IRUxE4BVsHWXkV/SFOut4qTlagw2aM8T5/vnTsmrHJvVoKueJHRc/JaFND7QDDc61kLYUJ6qlZM3sqTSyx2dTw==",
      "bin": {
        "node-gyp-build": "bin.js",
        "node-gyp-build-optional": "optional.js",
        "node-gyp-build-test": "build-test.js"
      }
    },
    "node_modules/ref-napi": {
      "version": "3.0.3",
      "resolved": "https://registry.npmjs.org/ref-napi/-/ref-napi-3.0.3.tgz",
      "integrity": "sha512-LiMq/XDGcgodTYOMppikEtJelWsKQERbLQsYm0IOOnzhwE9xYZC7x8txNnFC9wJNOkPferQI4vD4ZkC0mDyrOA==",
      "hasInstallScript": true,
      "dependencies": {
        "debug": "^4.1.1",
        "get-symbol-from-current-process-h": "^1.0.2",
        "node-addon-api": "^3.0.0",
        "node-gyp-build": "^4.2.1"
      },
      "engines": {
        "node": ">= 10.0"
      }
    },
    "node_modules/ref-struct-napi": {
      "version": "1.1.1",
      "resolved": "https://registry.npmjs.org/ref-struct-napi/-/ref-struct-napi-1.1.1.tgz",
      "integrity": "sha512-YgS5/d7+kT5zgtySYI5ieH0hREdv+DabgDvoczxsui0f9VLm0rrDcWEj4DHKehsH+tJnVMsLwuyctWgvdEcVRw==",
      "dependencies": {
        "debug": "2",
        "ref-napi": "^1.4.2"
      }
    },
    "node_modules/ref-struct-napi/node_modules/debug": {
      "version": "2.6.9",
      "resolved": "https://registry.npmjs.org/debug/-/debug-2.6.9.tgz",
      "integrity": "sha512-bC7ElrdJaJnPbAP+1EotYvqZsb3ecl5wi6Bfi6BJTUcNowp6cvspg0jXznRTKDjm/E7AdgFBVeAPVMNcKGsHMA==",
      "dependencies": {
        "ms": "2.0.0"
      }
    },
    "node_modules/ref-struct-napi/node_modules/ms": {
      "version": "2.0.0",
      "resolved": "https://registry.npmjs.org/ms/-/ms-2.0.0.tgz",
      "integrity": "sha512-Tpp60P6IUJDTuOq/5Z8cdskzJujfwqfOTkrwIwj7IRISpnkJnT6SyJ4PCPnGMoFjC9ddhal5KVIYtAt97ix05A=="
    },
    "node_modules/ref-struct-napi/node_modules/node-addon-api": {
      "version": "2.0.2",
      "resolved": "https://registry.npmjs.org/node-addon-api/-/node-addon-api-2.0.2.tgz",
      "integrity": "sha512-Ntyt4AIXyaLIuMHF6IOoTakB3K+RWxwtsHNRxllEoA6vPwP9o4866g6YWDLUdnucilZhmkxiHwHr11gAENw+QA=="
    },
    "node_modules/ref-struct-napi/node_modules/ref-napi": {
      "version": "1.5.2",
      "resolved": "https://registry.npmjs.org/ref-napi/-/ref-napi-1.5.2.tgz",
      "integrity": "sha512-hwyNmWpUkt1bDWDW4aiwCoC+SJfJO69UIdjqssNqdaS0sYJpgqzosGg/rLtk69UoQ8drZdI9yyQefM7eEMM3Gw==",
      "hasInstallScript": true,
      "dependencies": {
        "debug": "^3.1.0",
        "node-addon-api": "^2.0.0",
        "node-gyp-build": "^4.2.1"
      },
      "engines": {
        "node": ">= 6.0"
      }
    },
    "node_modules/ref-struct-napi/node_modules/ref-napi/node_modules/debug": {
      "version": "3.2.7",
      "resolved": "https://registry.npmjs.org/debug/-/debug-3.2.7.tgz",
      "integrity": "sha512-CFjzYYAi4ThfiQvizrFQevTTXHtnCqWfe7x1AhgEscTz6ZbLbfoLRLPugTQyBth6f8ZERVUSyWHFD/7Wu4t1XQ==",
      "dependencies": {
        "ms": "^2.1.1"
      }
    },
    "node_modules/ref-struct-napi/node_modules/ref-napi/node_modules/ms": {
      "version": "2.1.3",
      "resolved": "https://registry.npmjs.org/ms/-/ms-2.1.3.tgz",
      "integrity": "sha512-6FlzubTLZG3J2a/NVCAleEhjzq5oxgHyaCU9yYXvcLsvoVaHJq/s5xXI6/XXP6tz7R9xAOtHnSO/tXtF3WRTlA=="
    }
  }
}
